
Microsoft Visual Studio Solution File, Format Version 12.00
# Visual Studio Version 17
VisualStudioVersion = 17.13.35931.197
MinimumVisualStudioVersion = 10.0.40219.1
Project("{2150E333-8FDC-42A3-9474-1A3956D46DE8}") = "BuildingBlocks", "BuildingBlocks", "{02EA681E-C7D8-13C7-8484-4AC65E1B71E8}"
EndProject
Project("{FAE04EC0-301F-11D3-BF4B-00C04F79EFBC}") = "BuildingBlocks", "src\BuildingBlocks\BuildingBlocks\BuildingBlocks.csproj", "{64DAC2E9-E3A4-498E-A5BD-D2A08D066152}"
EndProject
Project("{2150E333-8FDC-42A3-9474-1A3956D46DE8}") = "Services", "Services", "{8EDFB681-0257-4BB4-A35B-8544924DF88D}"
EndProject
Project("{2150E333-8FDC-42A3-9474-1A3956D46DE8}") = "UserManagement", "UserManagement", "{1D2CBB72-FEE3-4605-B3E3-19CC351BC714}"
EndProject
Project("{FAE04EC0-301F-11D3-BF4B-00C04F79EFBC}") = "UserManagement.API", "src\Services\UserManagement\UserManagement.API\UserManagement.API.csproj", "{F4F1BD29-0ABA-42DB-8ADE-EF0F7944DA73}"
EndProject
Project("{2150E333-8FDC-42A3-9474-1A3956D46DE8}") = "Flight", "Flight", "{232EC95F-442D-48CF-8C54-DDA1924C97E9}"
EndProject
Project("{2150E333-8FDC-42A3-9474-1A3956D46DE8}") = "WalletApp", "WalletApp", "{9E5A35BA-2C9C-4984-85CC-40E7885B8555}"
EndProject
Project("{2150E333-8FDC-42A3-9474-1A3956D46DE8}") = "SMS", "SMS", "{313865E4-0DB4-4EBE-8410-75DCC8137AED}"
EndProject
Project("{FAE04EC0-301F-11D3-BF4B-00C04F79EFBC}") = "SMS.API", "src\Services\SMS\SMS.API\SMS.API.csproj", "{778AC49F-F56F-88FA-4A61-D9C576461459}"
EndProject
Project("{2150E333-8FDC-42A3-9474-1A3956D46DE8}") = "BuildingBlocks.Messaging", "BuildingBlocks.Messaging", "{43CFDBAC-D7E0-4201-887A-9951C44D19A5}"
EndProject
Project("{FAE04EC0-301F-11D3-BF4B-00C04F79EFBC}") = "BuildingBlocks.Messaging", "src\BuildingBlocks.Messaging\BuildingBlocks.Messaging\BuildingBlocks.Messaging.csproj", "{F0325147-445F-4B52-BF41-E3D1A07D9B7B}"
EndProject
Project("{2150E333-8FDC-42A3-9474-1A3956D46DE8}") = "Core", "Core", "{41F6B437-7556-494C-BD6B-DE1D961AC191}"
EndProject
Project("{2150E333-8FDC-42A3-9474-1A3956D46DE8}") = "Infrastructure", "Infrastructure", "{0A966B14-EC04-428E-8CAF-B788E2561F2E}"
EndProject
Project("{2150E333-8FDC-42A3-9474-1A3956D46DE8}") = "API", "API", "{13FB30AA-778C-44CC-8A82-C616007F10AF}"
EndProject
Project("{FAE04EC0-301F-11D3-BF4B-00C04F79EFBC}") = "WalletApp.Domain", "src\Services\WalletApp\Core\Domain\WalletApp.Domain.csproj", "{5E0AEAAD-2500-4270-B8EE-FA1A334C372C}"
EndProject
Project("{FAE04EC0-301F-11D3-BF4B-00C04F79EFBC}") = "WalletApp.Application", "src\Services\WalletApp\Core\Application\WalletApp.Application.csproj", "{E351D1C3-01EA-445F-9A9A-BAE04FF4CA79}"
EndProject
Project("{FAE04EC0-301F-11D3-BF4B-00C04F79EFBC}") = "WalletApp.Infrastructure", "src\Services\WalletApp\Infrastructure\WalletApp.Infrastructure.csproj", "{3707904A-17A2-41D2-B332-06561F0BEDD4}"
EndProject
Project("{FAE04EC0-301F-11D3-BF4B-00C04F79EFBC}") = "WalletApp.API", "src\Services\WalletApp\API\WalletApp.API\WalletApp.API.csproj", "{50043594-E6AB-AF98-7F70-E44789F015E3}"
EndProject
Project("{2150E333-8FDC-42A3-9474-1A3956D46DE8}") = "ApiGateways", "ApiGateways", "{CAFA376E-7338-4A76-B7D2-8A306CA776B8}"
EndProject
Project("{FAE04EC0-301F-11D3-BF4B-00C04F79EFBC}") = "YarpApiGateway", "src\Services\ApiGateways\YarpApiGateway\YarpApiGateway.csproj", "{49A81C70-045D-46D1-9015-8FF6738DF5E7}"
EndProject
Project("{2150E333-8FDC-42A3-9474-1A3956D46DE8}") = "Order", "Order", "{99FA64BF-F999-4BA2-9512-DEAFA9295DED}"
EndProject
Project("{2150E333-8FDC-42A3-9474-1A3956D46DE8}") = "API", "API", "{D711C43D-3CCB-4F83-95BF-E2644825BC29}"
EndProject
Project("{2150E333-8FDC-42A3-9474-1A3956D46DE8}") = "Core", "Core", "{6631AE22-9EAC-4771-9C90-F3CAB39B3074}"
EndProject
Project("{2150E333-8FDC-42A3-9474-1A3956D46DE8}") = "Infrastructure", "Infrastructure", "{2912F76D-72B8-46B1-9824-DE077CC2AC21}"
EndProject
Project("{2150E333-8FDC-42A3-9474-1A3956D46DE8}") = "Application", "Application", "{42F52D22-7D07-4A6A-8B28-9EBBEB0F68DE}"
EndProject
Project("{2150E333-8FDC-42A3-9474-1A3956D46DE8}") = "Domain", "Domain", "{FCEB79C6-5C93-4A67-8A88-45B761BA9E15}"
EndProject
Project("{FAE04EC0-301F-11D3-BF4B-00C04F79EFBC}") = "Order.API", "src\Services\Order\API\Order.API\Order.API.csproj", "{6A010846-4333-8365-0436-2C3BD865F94F}"
EndProject
Project("{FAE04EC0-301F-11D3-BF4B-00C04F79EFBC}") = "Order.Application", "src\Services\Order\Core\Application\Order.Application.csproj", "{19004E83-A55A-E580-E282-C1897CCD20F4}"
EndProject
Project("{FAE04EC0-301F-11D3-BF4B-00C04F79EFBC}") = "Order.Domain", "src\Services\Order\Core\Domain\Order.Domain.csproj", "{398FA4DD-2BDC-A02A-7480-2D2C3DDE4FC9}"
EndProject
Project("{FAE04EC0-301F-11D3-BF4B-00C04F79EFBC}") = "Order.Infrastructure", "src\Services\Order\Infrastructure\Order.Infrastructure.csproj", "{30C2E8E8-DC5C-8472-65C6-F9375F9E57DC}"
EndProject
Project("{2150E333-8FDC-42A3-9474-1A3956D46DE8}") = "Trian", "Trian", "{EEE6865B-3DB6-4D69-94D2-5528CEE19B71}"
EndProject
Project("{2150E333-8FDC-42A3-9474-1A3956D46DE8}") = "PaymentGateway", "PaymentGateway", "{73A87726-21BA-4C61-871D-76C89890346D}"
EndProject
Project("{FAE04EC0-301F-11D3-BF4B-00C04F79EFBC}") = "PaymentGateway.API", "src\Services\PaymentGateway\PaymentGateway.API\PaymentGateway.API.csproj", "{2D214881-5F80-4D3E-96EC-176B173A385F}"
EndProject
Project("{2150E333-8FDC-42A3-9474-1A3956D46DE8}") = "src", "src", "{E37E8455-6A92-4B23-B142-606790B2EB76}"
EndProject
Project("{2150E333-8FDC-42A3-9474-1A3956D46DE8}") = "test", "test", "{CC909ED6-CCEF-4238-9CA5-37F0B732DB45}"
EndProject
Project("{2150E333-8FDC-42A3-9474-1A3956D46DE8}") = "Integration", "Integration", "{7433F3CB-2CB3-40E3-A7BE-F371B415B3EA}"
EndProject
Project("{2150E333-8FDC-42A3-9474-1A3956D46DE8}") = "SafarMall.IntegrationTests", "SafarMall.IntegrationTests", "{90B6BEF5-6A17-4109-B62F-CCC98C4730EF}"
EndProject
Project("{FAE04EC0-301F-11D3-BF4B-00C04F79EFBC}") = "SafarMall.IntegrationTests", "test\Integration\SafarMall.IntegrationTests\SafarMall.IntegrationTests.csproj", "{7C0BCC87-3CCE-3284-1F7A-DA1C0143A0DA}"
EndProject
Project("{FAE04EC0-301F-11D3-BF4B-00C04F79EFBC}") = "Train.API", "src\Services\Train\Train.API\Train.API.csproj", "{0ECB8545-BD54-8712-2B57-92C92B3DED78}"
EndProject
Global
	GlobalSection(SolutionConfigurationPlatforms) = preSolution
		Debug|Any CPU = Debug|Any CPU
		Release|Any CPU = Release|Any CPU
	EndGlobalSection
	GlobalSection(ProjectConfigurationPlatforms) = postSolution
		{64DAC2E9-E3A4-498E-A5BD-D2A08D066152}.Debug|Any CPU.ActiveCfg = Debug|Any CPU
		{64DAC2E9-E3A4-498E-A5BD-D2A08D066152}.Debug|Any CPU.Build.0 = Debug|Any CPU
		{64DAC2E9-E3A4-498E-A5BD-D2A08D066152}.Release|Any CPU.ActiveCfg = Release|Any CPU
		{64DAC2E9-E3A4-498E-A5BD-D2A08D066152}.Release|Any CPU.Build.0 = Release|Any CPU
		{F4F1BD29-0ABA-42DB-8ADE-EF0F7944DA73}.Debug|Any CPU.ActiveCfg = Debug|Any CPU
		{F4F1BD29-0ABA-42DB-8ADE-EF0F7944DA73}.Debug|Any CPU.Build.0 = Debug|Any CPU
		{F4F1BD29-0ABA-42DB-8ADE-EF0F7944DA73}.Release|Any CPU.ActiveCfg = Release|Any CPU
		{F4F1BD29-0ABA-42DB-8ADE-EF0F7944DA73}.Release|Any CPU.Build.0 = Release|Any CPU
		{778AC49F-F56F-88FA-4A61-D9C576461459}.Debug|Any CPU.ActiveCfg = Debug|Any CPU
		{778AC49F-F56F-88FA-4A61-D9C576461459}.Debug|Any CPU.Build.0 = Debug|Any CPU
		{778AC49F-F56F-88FA-4A61-D9C576461459}.Release|Any CPU.ActiveCfg = Release|Any CPU
		{778AC49F-F56F-88FA-4A61-D9C576461459}.Release|Any CPU.Build.0 = Release|Any CPU
		{F0325147-445F-4B52-BF41-E3D1A07D9B7B}.Debug|Any CPU.ActiveCfg = Debug|Any CPU
		{F0325147-445F-4B52-BF41-E3D1A07D9B7B}.Debug|Any CPU.Build.0 = Debug|Any CPU
		{F0325147-445F-4B52-BF41-E3D1A07D9B7B}.Release|Any CPU.ActiveCfg = Release|Any CPU
		{F0325147-445F-4B52-BF41-E3D1A07D9B7B}.Release|Any CPU.Build.0 = Release|Any CPU
		{5E0AEAAD-2500-4270-B8EE-FA1A334C372C}.Debug|Any CPU.ActiveCfg = Debug|Any CPU
		{5E0AEAAD-2500-4270-B8EE-FA1A334C372C}.Debug|Any CPU.Build.0 = Debug|Any CPU
		{5E0AEAAD-2500-4270-B8EE-FA1A334C372C}.Release|Any CPU.ActiveCfg = Release|Any CPU
		{5E0AEAAD-2500-4270-B8EE-FA1A334C372C}.Release|Any CPU.Build.0 = Release|Any CPU
		{E351D1C3-01EA-445F-9A9A-BAE04FF4CA79}.Debug|Any CPU.ActiveCfg = Debug|Any CPU
		{E351D1C3-01EA-445F-9A9A-BAE04FF4CA79}.Debug|Any CPU.Build.0 = Debug|Any CPU
		{E351D1C3-01EA-445F-9A9A-BAE04FF4CA79}.Release|Any CPU.ActiveCfg = Release|Any CPU
		{E351D1C3-01EA-445F-9A9A-BAE04FF4CA79}.Release|Any CPU.Build.0 = Release|Any CPU
		{3707904A-17A2-41D2-B332-06561F0BEDD4}.Debug|Any CPU.ActiveCfg = Debug|Any CPU
		{3707904A-17A2-41D2-B332-06561F0BEDD4}.Debug|Any CPU.Build.0 = Debug|Any CPU
		{3707904A-17A2-41D2-B332-06561F0BEDD4}.Release|Any CPU.ActiveCfg = Release|Any CPU
		{3707904A-17A2-41D2-B332-06561F0BEDD4}.Release|Any CPU.Build.0 = Release|Any CPU
		{50043594-E6AB-AF98-7F70-E44789F015E3}.Debug|Any CPU.ActiveCfg = Debug|Any CPU
		{50043594-E6AB-AF98-7F70-E44789F015E3}.Debug|Any CPU.Build.0 = Debug|Any CPU
		{50043594-E6AB-AF98-7F70-E44789F015E3}.Release|Any CPU.ActiveCfg = Release|Any CPU
		{50043594-E6AB-AF98-7F70-E44789F015E3}.Release|Any CPU.Build.0 = Release|Any CPU
		{49A81C70-045D-46D1-9015-8FF6738DF5E7}.Debug|Any CPU.ActiveCfg = Debug|Any CPU
		{49A81C70-045D-46D1-9015-8FF6738DF5E7}.Debug|Any CPU.Build.0 = Debug|Any CPU
		{49A81C70-045D-46D1-9015-8FF6738DF5E7}.Release|Any CPU.ActiveCfg = Release|Any CPU
		{49A81C70-045D-46D1-9015-8FF6738DF5E7}.Release|Any CPU.Build.0 = Release|Any CPU
		{6A010846-4333-8365-0436-2C3BD865F94F}.Debug|Any CPU.ActiveCfg = Debug|Any CPU
		{6A010846-4333-8365-0436-2C3BD865F94F}.Debug|Any CPU.Build.0 = Debug|Any CPU
		{6A010846-4333-8365-0436-2C3BD865F94F}.Release|Any CPU.ActiveCfg = Release|Any CPU
		{6A010846-4333-8365-0436-2C3BD865F94F}.Release|Any CPU.Build.0 = Release|Any CPU
		{19004E83-A55A-E580-E282-C1897CCD20F4}.Debug|Any CPU.ActiveCfg = Debug|Any CPU
		{19004E83-A55A-E580-E282-C1897CCD20F4}.Debug|Any CPU.Build.0 = Debug|Any CPU
		{19004E83-A55A-E580-E282-C1897CCD20F4}.Release|Any CPU.ActiveCfg = Release|Any CPU
		{19004E83-A55A-E580-E282-C1897CCD20F4}.Release|Any CPU.Build.0 = Release|Any CPU
		{398FA4DD-2BDC-A02A-7480-2D2C3DDE4FC9}.Debug|Any CPU.ActiveCfg = Debug|Any CPU
		{398FA4DD-2BDC-A02A-7480-2D2C3DDE4FC9}.Debug|Any CPU.Build.0 = Debug|Any CPU
		{398FA4DD-2BDC-A02A-7480-2D2C3DDE4FC9}.Release|Any CPU.ActiveCfg = Release|Any CPU
		{398FA4DD-2BDC-A02A-7480-2D2C3DDE4FC9}.Release|Any CPU.Build.0 = Release|Any CPU
		{30C2E8E8-DC5C-8472-65C6-F9375F9E57DC}.Debug|Any CPU.ActiveCfg = Debug|Any CPU
		{30C2E8E8-DC5C-8472-65C6-F9375F9E57DC}.Debug|Any CPU.Build.0 = Debug|Any CPU
		{30C2E8E8-DC5C-8472-65C6-F9375F9E57DC}.Release|Any CPU.ActiveCfg = Release|Any CPU
		{30C2E8E8-DC5C-8472-65C6-F9375F9E57DC}.Release|Any CPU.Build.0 = Release|Any CPU
		{2D214881-5F80-4D3E-96EC-176B173A385F}.Debug|Any CPU.ActiveCfg = Debug|Any CPU
		{2D214881-5F80-4D3E-96EC-176B173A385F}.Debug|Any CPU.Build.0 = Debug|Any CPU
		{2D214881-5F80-4D3E-96EC-176B173A385F}.Release|Any CPU.ActiveCfg = Release|Any CPU
		{2D214881-5F80-4D3E-96EC-176B173A385F}.Release|Any CPU.Build.0 = Release|Any CPU
		{7C0BCC87-3CCE-3284-1F7A-DA1C0143A0DA}.Debug|Any CPU.ActiveCfg = Debug|Any CPU
		{7C0BCC87-3CCE-3284-1F7A-DA1C0143A0DA}.Debug|Any CPU.Build.0 = Debug|Any CPU
		{7C0BCC87-3CCE-3284-1F7A-DA1C0143A0DA}.Release|Any CPU.ActiveCfg = Release|Any CPU
		{7C0BCC87-3CCE-3284-1F7A-DA1C0143A0DA}.Release|Any CPU.Build.0 = Release|Any CPU
		{0ECB8545-BD54-8712-2B57-92C92B3DED78}.Debug|Any CPU.ActiveCfg = Debug|Any CPU
		{0ECB8545-BD54-8712-2B57-92C92B3DED78}.Debug|Any CPU.Build.0 = Debug|Any CPU
		{0ECB8545-BD54-8712-2B57-92C92B3DED78}.Release|Any CPU.ActiveCfg = Release|Any CPU
		{0ECB8545-BD54-8712-2B57-92C92B3DED78}.Release|Any CPU.Build.0 = Release|Any CPU
	EndGlobalSection
	GlobalSection(SolutionProperties) = preSolution
		HideSolutionNode = FALSE
	EndGlobalSection
	GlobalSection(NestedProjects) = preSolution
		{02EA681E-C7D8-13C7-8484-4AC65E1B71E8} = {E37E8455-6A92-4B23-B142-606790B2EB76}
		{64DAC2E9-E3A4-498E-A5BD-D2A08D066152} = {02EA681E-C7D8-13C7-8484-4AC65E1B71E8}
		{8EDFB681-0257-4BB4-A35B-8544924DF88D} = {E37E8455-6A92-4B23-B142-606790B2EB76}
		{1D2CBB72-FEE3-4605-B3E3-19CC351BC714} = {8EDFB681-0257-4BB4-A35B-8544924DF88D}
		{F4F1BD29-0ABA-42DB-8ADE-EF0F7944DA73} = {1D2CBB72-FEE3-4605-B3E3-19CC351BC714}
		{232EC95F-442D-48CF-8C54-DDA1924C97E9} = {8EDFB681-0257-4BB4-A35B-8544924DF88D}
		{9E5A35BA-2C9C-4984-85CC-40E7885B8555} = {8EDFB681-0257-4BB4-A35B-8544924DF88D}
		{313865E4-0DB4-4EBE-8410-75DCC8137AED} = {8EDFB681-0257-4BB4-A35B-8544924DF88D}
		{778AC49F-F56F-88FA-4A61-D9C576461459} = {313865E4-0DB4-4EBE-8410-75DCC8137AED}
		{43CFDBAC-D7E0-4201-887A-9951C44D19A5} = {E37E8455-6A92-4B23-B142-606790B2EB76}
		{F0325147-445F-4B52-BF41-E3D1A07D9B7B} = {43CFDBAC-D7E0-4201-887A-9951C44D19A5}
		{41F6B437-7556-494C-BD6B-DE1D961AC191} = {9E5A35BA-2C9C-4984-85CC-40E7885B8555}
		{0A966B14-EC04-428E-8CAF-B788E2561F2E} = {9E5A35BA-2C9C-4984-85CC-40E7885B8555}
		{13FB30AA-778C-44CC-8A82-C616007F10AF} = {9E5A35BA-2C9C-4984-85CC-40E7885B8555}
		{5E0AEAAD-2500-4270-B8EE-FA1A334C372C} = {41F6B437-7556-494C-BD6B-DE1D961AC191}
		{E351D1C3-01EA-445F-9A9A-BAE04FF4CA79} = {41F6B437-7556-494C-BD6B-DE1D961AC191}
		{3707904A-17A2-41D2-B332-06561F0BEDD4} = {0A966B14-EC04-428E-8CAF-B788E2561F2E}
		{50043594-E6AB-AF98-7F70-E44789F015E3} = {13FB30AA-778C-44CC-8A82-C616007F10AF}
		{CAFA376E-7338-4A76-B7D2-8A306CA776B8} = {8EDFB681-0257-4BB4-A35B-8544924DF88D}
		{49A81C70-045D-46D1-9015-8FF6738DF5E7} = {CAFA376E-7338-4A76-B7D2-8A306CA776B8}
		{99FA64BF-F999-4BA2-9512-DEAFA9295DED} = {8EDFB681-0257-4BB4-A35B-8544924DF88D}
		{D711C43D-3CCB-4F83-95BF-E2644825BC29} = {99FA64BF-F999-4BA2-9512-DEAFA9295DED}
		{6631AE22-9EAC-4771-9C90-F3CAB39B3074} = {99FA64BF-F999-4BA2-9512-DEAFA9295DED}
		{2912F76D-72B8-46B1-9824-DE077CC2AC21} = {99FA64BF-F999-4BA2-9512-DEAFA9295DED}
		{42F52D22-7D07-4A6A-8B28-9EBBEB0F68DE} = {6631AE22-9EAC-4771-9C90-F3CAB39B3074}
		{FCEB79C6-5C93-4A67-8A88-45B761BA9E15} = {6631AE22-9EAC-4771-9C90-F3CAB39B3074}
		{6A010846-4333-8365-0436-2C3BD865F94F} = {D711C43D-3CCB-4F83-95BF-E2644825BC29}
		{19004E83-A55A-E580-E282-C1897CCD20F4} = {42F52D22-7D07-4A6A-8B28-9EBBEB0F68DE}
		{398FA4DD-2BDC-A02A-7480-2D2C3DDE4FC9} = {FCEB79C6-5C93-4A67-8A88-45B761BA9E15}
		{30C2E8E8-DC5C-8472-65C6-F9375F9E57DC} = {2912F76D-72B8-46B1-9824-DE077CC2AC21}
		{EEE6865B-3DB6-4D69-94D2-5528CEE19B71} = {8EDFB681-0257-4BB4-A35B-8544924DF88D}
		{73A87726-21BA-4C61-871D-76C89890346D} = {8EDFB681-0257-4BB4-A35B-8544924DF88D}
		{2D214881-5F80-4D3E-96EC-176B173A385F} = {73A87726-21BA-4C61-871D-76C89890346D}
		{7433F3CB-2CB3-40E3-A7BE-F371B415B3EA} = {CC909ED6-CCEF-4238-9CA5-37F0B732DB45}
		{90B6BEF5-6A17-4109-B62F-CCC98C4730EF} = {7433F3CB-2CB3-40E3-A7BE-F371B415B3EA}
		{7C0BCC87-3CCE-3284-1F7A-DA1C0143A0DA} = {90B6BEF5-6A17-4109-B62F-CCC98C4730EF}
		{0ECB8545-BD54-8712-2B57-92C92B3DED78} = {EEE6865B-3DB6-4D69-94D2-5528CEE19B71}
	EndGlobalSection
	GlobalSection(ExtensibilityGlobals) = postSolution
		SolutionGuid = {1271070C-8769-456A-9AD8-6E6C630CADC8}
	EndGlobalSection
EndGlobal
